
Microsoft Visual Studio Solution File, Format Version 12.00
# Visual Studio 14
VisualStudioVersion = 14.0.25420.1
MinimumVisualStudioVersion = 10.0.40219.1
Project("{FAE04EC0-301F-11D3-BF4B-00C04F79EFBC}") = "BuildingBox.DataAccess", "DevKit.DataAccess\BuildingBox.DataAccess.csproj", "{12E2CE82-0027-4152-ABDF-FCEBE99AE4F7}"
EndProject
Project("{FAE04EC0-301F-11D3-BF4B-00C04F79EFBC}") = "BuildingBox.Web", "DevKit.Web\BuildingBox.Web.csproj", "{3F37EF80-E4CA-4BF7-8B21-07849230404C}"
EndProject
Project("{2150E333-8FDC-42A3-9474-1A3956D46DE8}") = "Documentation", "Documentation", "{31992D7E-A656-4D93-82E6-259739B034FF}"
EndProject
Global
	GlobalSection(SolutionConfigurationPlatforms) = preSolution
		Debug|Any CPU = Debug|Any CPU
		Release|Any CPU = Release|Any CPU
		Stress|Any CPU = Stress|Any CPU
		Validation|Any CPU = Validation|Any CPU
	EndGlobalSection
	GlobalSection(ProjectConfigurationPlatforms) = postSolution
		{12E2CE82-0027-4152-ABDF-FCEBE99AE4F7}.Debug|Any CPU.ActiveCfg = Debug|Any CPU
		{12E2CE82-0027-4152-ABDF-FCEBE99AE4F7}.Debug|Any CPU.Build.0 = Debug|Any CPU
		{12E2CE82-0027-4152-ABDF-FCEBE99AE4F7}.Release|Any CPU.ActiveCfg = Release|Any CPU
		{12E2CE82-0027-4152-ABDF-FCEBE99AE4F7}.Release|Any CPU.Build.0 = Release|Any CPU
		{12E2CE82-0027-4152-ABDF-FCEBE99AE4F7}.Stress|Any CPU.ActiveCfg = Release|Any CPU
		{12E2CE82-0027-4152-ABDF-FCEBE99AE4F7}.Stress|Any CPU.Build.0 = Release|Any CPU
		{12E2CE82-0027-4152-ABDF-FCEBE99AE4F7}.Validation|Any CPU.ActiveCfg = Release|Any CPU
		{12E2CE82-0027-4152-ABDF-FCEBE99AE4F7}.Validation|Any CPU.Build.0 = Release|Any CPU
		{3F37EF80-E4CA-4BF7-8B21-07849230404C}.Debug|Any CPU.ActiveCfg = Debug|Any CPU
		{3F37EF80-E4CA-4BF7-8B21-07849230404C}.Debug|Any CPU.Build.0 = Debug|Any CPU
		{3F37EF80-E4CA-4BF7-8B21-07849230404C}.Release|Any CPU.ActiveCfg = Release|Any CPU
		{3F37EF80-E4CA-4BF7-8B21-07849230404C}.Release|Any CPU.Build.0 = Release|Any CPU
		{3F37EF80-E4CA-4BF7-8B21-07849230404C}.Stress|Any CPU.ActiveCfg = Stress|Any CPU
		{3F37EF80-E4CA-4BF7-8B21-07849230404C}.Stress|Any CPU.Build.0 = Stress|Any CPU
		{3F37EF80-E4CA-4BF7-8B21-07849230404C}.Validation|Any CPU.ActiveCfg = Validation|Any CPU
		{3F37EF80-E4CA-4BF7-8B21-07849230404C}.Validation|Any CPU.Build.0 = Validation|Any CPU
	EndGlobalSection
	GlobalSection(SolutionProperties) = preSolution
		HideSolutionNode = FALSE
	EndGlobalSection
EndGlobal
